{
    "_readme": [
        "This file locks the dependencies of your project to a known state",
        "Read more about it at https://getcomposer.org/doc/01-basic-usage.md#installing-dependencies",
        "This file is @generated automatically"
    ],
    "content-hash": "fd0bff498cbe3f820db69096d0f31f29",
    "packages": [],
    "packages-dev": [
        {
            "name": "facebook/difflib",
            "version": "v1.2.0",
            "source": {
                "type": "git",
                "url": "https://github.com/hhvm/difflib.git",
                "reference": "b697c0ac436629c8cd9627ab31a60777431f72f6"
            },
            "dist": {
                "type": "zip",
                "url": "https://api.github.com/repos/hhvm/difflib/zipball/b697c0ac436629c8cd9627ab31a60777431f72f6",
                "reference": "b697c0ac436629c8cd9627ab31a60777431f72f6",
                "shasum": ""
            },
            "require": {
                "hhvm": "^4.8",
                "hhvm/hsl": "^4.0"
            },
            "require-dev": {
                "facebook/fbexpect": "^2.1.2",
                "hhvm/hacktest": "^1.0",
                "hhvm/hhast": "^4.0",
                "hhvm/hhvm-autoload": "^2.0"
            },
            "type": "library",
            "extra": {
                "branch-alias": {
                    "dev-master": "1.x-dev"
                }
            },
            "notification-url": "https://packagist.org/downloads/",
            "license": [
                "MIT"
            ],
            "time": "2019-07-22T20:15:27+00:00"
        },
        {
            "name": "facebook/hh-clilib",
            "version": "v2.3.0",
            "source": {
                "type": "git",
                "url": "https://github.com/hhvm/hh-clilib.git",
                "reference": "10845e8780436728cdc0b9abbe20446777bdb199"
            },
            "dist": {
                "type": "zip",
                "url": "https://api.github.com/repos/hhvm/hh-clilib/zipball/10845e8780436728cdc0b9abbe20446777bdb199",
                "reference": "10845e8780436728cdc0b9abbe20446777bdb199",
                "shasum": ""
            },
            "require": {
                "hhvm": "^4.41",
                "hhvm/hsl": "^4.0",
                "hhvm/hsl-experimental": "^4.50",
                "hhvm/type-assert": "^3.2"
            },
            "require-dev": {
                "facebook/fbexpect": "^2.6.1",
                "hhvm/hacktest": "^2.0",
                "hhvm/hhast": "^4.0.2"
            },
            "type": "library",
            "extra": {
                "branch-alias": {
                    "dev-master": "2.x-dev"
                }
            },
            "notification-url": "https://packagist.org/downloads/",
            "license": [
                "MIT"
            ],
            "time": "2020-03-27T16:47:22+00:00"
        },
        {
            "name": "hhvm/hhast",
            "version": "v4.41.2",
            "source": {
                "type": "git",
                "url": "https://github.com/hhvm/hhast.git",
                "reference": "218a6d8f28cff5969f976f875e75eb00bd4cdcc5"
            },
            "dist": {
                "type": "zip",
                "url": "https://api.github.com/repos/hhvm/hhast/zipball/218a6d8f28cff5969f976f875e75eb00bd4cdcc5",
                "reference": "218a6d8f28cff5969f976f875e75eb00bd4cdcc5",
                "shasum": ""
            },
            "require": {
                "facebook/difflib": "^1.0.0",
                "facebook/hh-clilib": "^2.0.0",
                "hhvm": "^4.41",
                "hhvm/hhvm-autoload": "^2.0.4|^3.0",
                "hhvm/hsl": "^4.25",
                "hhvm/hsl-experimental": "^4.50",
                "hhvm/type-assert": "^3.4"
            },
            "require-dev": {
                "facebook/fbexpect": "^2.1.1",
                "facebook/hack-codegen": "^4.0",
                "hhvm/hacktest": "^2.0"
            },
            "bin": [
                "bin/hhast-lint",
                "bin/hhast-lint.hack",
                "bin/hhast-inspect",
                "bin/hhast-inspect.hack",
                "bin/hhast-migrate",
                "bin/hhast-migrate.hack"
            ],
            "type": "library",
            "extra": {
                "branch-alias": {
                    "dev-master": "4.x-dev"
                }
            },
            "notification-url": "https://packagist.org/downloads/",
            "license": [
                "MIT"
            ],
            "description": "A mutable AST library for Hack with linting and code migrations",
            "time": "2020-04-08T15:46:11+00:00"
        },
        {
            "name": "hhvm/hhvm-autoload",
            "version": "v2.0.13",
            "source": {
                "type": "git",
                "url": "https://github.com/hhvm/hhvm-autoload.git",
                "reference": "816e33cd940844898b04e1c2101d2cfeb3879272"
            },
            "dist": {
                "type": "zip",
                "url": "https://api.github.com/repos/hhvm/hhvm-autoload/zipball/816e33cd940844898b04e1c2101d2cfeb3879272",
                "reference": "816e33cd940844898b04e1c2101d2cfeb3879272",
                "shasum": ""
            },
            "require": {
                "composer-plugin-api": "^1.0",
                "hhvm": "^4.25",
                "hhvm/hsl": "^4.0"
            },
            "replace": {
                "facebook/hhvm-autoload": "1.*"
            },
            "require-dev": {
                "facebook/fbexpect": "^2.1",
                "hhvm/hacktest": "^2.0"
            },
            "bin": [
                "bin/hh-autoload",
                "bin/hh-autoload.hack"
            ],
            "type": "composer-plugin",
            "extra": {
                "class": [
                    "Facebook\\AutoloadMap\\ComposerPlugin"
                ],
                "branch-alias": {
                    "dev-master": "2.x-dev"
                }
            },
            "autoload": {
                "classmap": [
                    "ComposerPlugin.php"
                ]
            },
            "notification-url": "https://packagist.org/downloads/",
            "time": "2020-02-07T20:45:31+00:00"
        },
        {
            "name": "hhvm/hsl",
            "version": "v4.40.0",
            "source": {
                "type": "git",
                "url": "https://github.com/hhvm/hsl.git",
                "reference": "b14a430062ad95c378765899f955457f3454f2f9"
            },
            "dist": {
                "type": "zip",
                "url": "https://api.github.com/repos/hhvm/hsl/zipball/b14a430062ad95c378765899f955457f3454f2f9",
                "reference": "b14a430062ad95c378765899f955457f3454f2f9",
                "shasum": ""
            },
            "require": {
                "hhvm": "^4.25"
            },
            "require-dev": {
                "facebook/fbexpect": "^2.5.1",
                "hhvm/hacktest": "^1.0|^2.0",
                "hhvm/hhvm-autoload": "^2.0",
                "hhvm/hsl-experimental": "dev-master"
            },
            "type": "library",
            "extra": {
                "branch-alias": {
                    "dev-master": "4.x-dev"
                }
            },
            "notification-url": "https://packagist.org/downloads/",
            "license": [
                "MIT"
            ],
            "description": "The Hack Standard Library",
            "time": "2020-01-08T23:12:08+00:00"
        },
        {
            "name": "hhvm/hsl-experimental",
            "version": "v4.50.0",
            "source": {
                "type": "git",
                "url": "https://github.com/hhvm/hsl-experimental.git",
                "reference": "cf23c87c2b16cbffe067974b45beb5b512edd4eb"
            },
            "dist": {
                "type": "zip",
                "url": "https://api.github.com/repos/hhvm/hsl-experimental/zipball/cf23c87c2b16cbffe067974b45beb5b512edd4eb",
                "reference": "cf23c87c2b16cbffe067974b45beb5b512edd4eb",
                "shasum": ""
            },
            "require": {
                "hhvm": "^4.41",
                "hhvm/hsl": "^4.15"
            },
            "require-dev": {
                "facebook/fbexpect": "^2.7.0",
                "hhvm/hacktest": "^2.0",
                "hhvm/hhvm-autoload": "^2.0|^3.0"
            },
            "type": "library",
            "extra": {
                "branch-alias": {
                    "dev-master": "4.x-dev"
                }
            },
            "notification-url": "https://packagist.org/downloads/",
            "license": [
                "MIT"
            ],
            "description": "The Hack Standard Library - Experimental Additions",
            "time": "2020-03-27T15:38:24+00:00"
        },
        {
            "name": "hhvm/type-assert",
            "version": "v3.7.3",
            "source": {
                "type": "git",
                "url": "https://github.com/hhvm/type-assert.git",
                "reference": "e076c42ed718929dbea96c0b354ebe96cccc2335"
            },
            "dist": {
                "type": "zip",
                "url": "https://api.github.com/repos/hhvm/type-assert/zipball/e076c42ed718929dbea96c0b354ebe96cccc2335",
                "reference": "e076c42ed718929dbea96c0b354ebe96cccc2335",
                "shasum": ""
            },
            "require": {
                "hhvm": "^4.30",
                "hhvm/hsl": "^4.0"
            },
            "require-dev": {
                "facebook/fbexpect": "^2.0.0",
                "hhvm/hacktest": "^2.0",
                "hhvm/hhast": "^4.0",
                "hhvm/hhvm-autoload": "^2.0"
            },
            "type": "library",
            "extra": {
                "branch-alias": {
                    "dev-master": "3.x-dev"
                }
            },
            "notification-url": "https://packagist.org/downloads/",
            "license": [
                "MIT"
            ],
            "description": "Convert untyped data to typed data",
            "keywords": [
                "TypeAssert",
                "hack"
            ],
            "time": "2020-01-13T21:48:58+00:00"
        }
    ],
    "aliases": [],
    "minimum-stability": "stable",
    "stability-flags": [],
    "prefer-stable": false,
    "prefer-lowest": false,
    "platform": {
        "hhvm": "^4.32"
    },
    "platform-dev": []
}
